
Microsoft Visual Studio Solution File, Format Version 12.00
# Visual Studio Version 17
VisualStudioVersion = 17.10.35122.118
MinimumVisualStudioVersion = 10.0.40219.1
Project("{FAE04EC0-301F-11D3-BF4B-00C04F79EFBC}") = "Lectures", "Lectures.csproj", "{0C72629A-BE67-45DE-85B7-D1BDCE9EAC1E}"
EndProject
Global
	GlobalSection(SolutionConfigurationPlatforms) = preSolution
		Debug|Any CPU = Debug|Any CPU
		Release|Any CPU = Release|Any CPU
	EndGlobalSection
	GlobalSection(ProjectConfigurationPlatforms) = postSolution
		{0C72629A-BE67-45DE-85B7-D1BDCE9EAC1E}.Debug|Any CPU.ActiveCfg = Debug|Any CPU
		{0C72629A-BE67-45DE-85B7-D1BDCE9EAC1E}.Debug|Any CPU.Build.0 = Debug|Any CPU
		{0C72629A-BE67-45DE-85B7-D1BDCE9EAC1E}.Release|Any CPU.ActiveCfg = Release|Any CPU
		{0C72629A-BE67-45DE-85B7-D1BDCE9EAC1E}.Release|Any CPU.Build.0 = Release|Any CPU
	EndGlobalSection
	GlobalSection(SolutionProperties) = preSolution
		HideSolutionNode = FALSE
	EndGlobalSection
	GlobalSection(ExtensibilityGlobals) = postSolution
		SolutionGuid = {1F606C3A-05D7-4545-9DF1-F4D1414E3665}
	EndGlobalSection
EndGlobal
